PODS:
  - AMap3DMap (11.2.000):
    - AMapFoundation (>= 1.9.0)
  - amap_flutter_map_plus (0.0.1):
    - AMap3DMap
    - Flutter
  - AMapFoundation (1.9.0)
  - Flutter (1.0.0)
  - permission_handler_apple (9.4.8):
    - Flutter

DEPENDENCIES:
  - amap_flutter_map_plus (from `.symlinks/plugins/amap_flutter_map_plus/ios`)
  - Flutter (from `Flutter`)
  - permission_handler_apple (from `.symlinks/plugins/permission_handler_apple/ios`)

SPEC REPOS:
  trunk:
    - AMap3DMap
    - AMapFoundation

EXTERNAL SOURCES:
  amap_flutter_map_plus:
    :path: ".symlinks/plugins/amap_flutter_map_plus/ios"
  Flutter:
    :path: Flutter
  permission_handler_apple:
    :path: ".symlinks/plugins/permission_handler_apple/ios"

SPEC CHECKSUMS:
  AMap3DMap: 940c6f6ce6ff3089c5c2211b0dfb51ef43262fe8
  amap_flutter_map_plus: 1df734b018cc8f3b4f7af6e611248fa61a268c6c
  AMapFoundation: 5f01fcabd1e591967e52178d2d96dac843396285
  Flutter: e0871f40cf51350855a761d2e70bf5af5b9b5de7
  permission_handler_apple: 92d754bbaa7361d436db2d6c3c1c2a0fdcec462e

PODFILE CHECKSUM: 1a782344d33c12ced0182eeab11e8668d253eb48

COCOAPODS: 1.16.2
